// !$*UTF8*$!
{
	archiveVersion = 1;
	classes = {
	};
	objectVersion = 50;
	objects = {

/* Begin PBXBuildFile section */
		CE3959B124EA6476008FB5D7 /* AppDelegate.m in Sources */ = {isa = PBXBuildFile; fileRef = CE3959B024EA6476008FB5D7 /* AppDelegate.m */; };
		CE3959B724EA6476008FB5D7 /* ViewController.m in Sources */ = {isa = PBXBuildFile; fileRef = CE3959B624EA6476008FB5D7 /* ViewController.m */; };
		CE3959BC24EA6478008FB5D7 /* Assets.xcassets in Resources */ = {isa = PBXBuildFile; fileRef = CE3959BB24EA6478008FB5D7 /* Assets.xcassets */; };
		CE3959BF24EA6478008FB5D7 /* LaunchScreen.storyboard in Resources */ = {isa = PBXBuildFile; fileRef = CE3959BD24EA6478008FB5D7 /* LaunchScreen.storyboard */; };
		CE3959C224EA6478008FB5D7 /* main.m in Sources */ = {isa = PBXBuildFile; fileRef = CE3959C124EA6478008FB5D7 /* main.m */; };
		CE3959D724EA6502008FB5D7 /* UIViewController+TKAdd.m in Sources */ = {isa = PBXBuildFile; fileRef = CE3959CB24EA6502008FB5D7 /* UIViewController+TKAdd.m */; };
		CE3959D824EA6502008FB5D7 /* UIButton+TKAdd.m in Sources */ = {isa = PBXBuildFile; fileRef = CE3959CC24EA6502008FB5D7 /* UIButton+TKAdd.m */; };
		CE3959D924EA6502008FB5D7 /* UIColor+TKAdd.m in Sources */ = {isa = PBXBuildFile; fileRef = CE3959D024EA6502008FB5D7 /* UIColor+TKAdd.m */; };
		CE3959DA24EA6502008FB5D7 /* NSString+TKAdd.m in Sources */ = {isa = PBXBuildFile; fileRef = CE3959D324EA6502008FB5D7 /* NSString+TKAdd.m */; };
		CE3959DB24EA6502008FB5D7 /* NSObject+TKAdd.m in Sources */ = {isa = PBXBuildFile; fileRef = CE3959D424EA6502008FB5D7 /* NSObject+TKAdd.m */; };
		CE6F597424FE1D2A00005C04 /* UIView+TKAdd.m in Sources */ = {isa = PBXBuildFile; fileRef = CE6F597324FE1D2A00005C04 /* UIView+TKAdd.m */; };
		CE97121024FF44F300E06A61 /* TKUnicode.m in Sources */ = {isa = PBXBuildFile; fileRef = CE97120F24FF44F300E06A61 /* TKUnicode.m */; };
/* End PBXBuildFile section */

/* Begin PBXFileReference section */
		CE3959AC24EA6476008FB5D7 /* TKCategory.app */ = {isa = PBXFileReference; explicitFileType = wrapper.application; includeInIndex = 0; path = TKCategory.app; sourceTree = BUILT_PRODUCTS_DIR; };
		CE3959AF24EA6476008FB5D7 /* AppDelegate.h */ = {isa = PBXFileReference; lastKnownFileType = sourcecode.c.h; path = AppDelegate.h; sourceTree = "<group>"; };
		CE3959B024EA6476008FB5D7 /* AppDelegate.m */ = {isa = PBXFileReference; lastKnownFileType = sourcecode.c.objc; path = AppDelegate.m; sourceTree = "<group>"; };
		CE3959B524EA6476008FB5D7 /* ViewController.h */ = {isa = PBXFileReference; lastKnownFileType = sourcecode.c.h; path = ViewController.h; sourceTree = "<group>"; };
		CE3959B624EA6476008FB5D7 /* ViewController.m */ = {isa = PBXFileReference; lastKnownFileType = sourcecode.c.objc; path = ViewController.m; sourceTree = "<group>"; };
		CE3959BB24EA6478008FB5D7 /* Assets.xcassets */ = {isa = PBXFileReference; lastKnownFileType = folder.assetcatalog; path = Assets.xcassets; sourceTree = "<group>"; };
		CE3959BE24EA6478008FB5D7 /* Base */ = {isa = PBXFileReference; lastKnownFileType = file.storyboard; name = Base; path = Base.lproj/LaunchScreen.storyboard; sourceTree = "<group>"; };
		CE3959C024EA6478008FB5D7 /* Info.plist */ = {isa = PBXFileReference; lastKnownFileType = text.plist.xml; path = Info.plist; sourceTree = "<group>"; };
		CE3959C124EA6478008FB5D7 /* main.m */ = {isa = PBXFileReference; lastKnownFileType = sourcecode.c.objc; path = main.m; sourceTree = "<group>"; };
		CE3959CB24EA6502008FB5D7 /* UIViewController+TKAdd.m */ = {isa = PBXFileReference; fileEncoding = 4; lastKnownFileType = sourcecode.c.objc; path = "UIViewController+TKAdd.m"; sourceTree = "<group>"; };
		CE3959CC24EA6502008FB5D7 /* UIButton+TKAdd.m */ = {isa = PBXFileReference; fileEncoding = 4; lastKnownFileType = sourcecode.c.objc; path = "UIButton+TKAdd.m"; sourceTree = "<group>"; };
		CE3959CD24EA6502008FB5D7 /* UIColor+TKAdd.h */ = {isa = PBXFileReference; fileEncoding = 4; lastKnownFileType = sourcecode.c.h; path = "UIColor+TKAdd.h"; sourceTree = "<group>"; };
		CE3959CE24EA6502008FB5D7 /* UIViewController+TKAdd.h */ = {isa = PBXFileReference; fileEncoding = 4; lastKnownFileType = sourcecode.c.h; path = "UIViewController+TKAdd.h"; sourceTree = "<group>"; };
		CE3959CF24EA6502008FB5D7 /* UIButton+TKAdd.h */ = {isa = PBXFileReference; fileEncoding = 4; lastKnownFileType = sourcecode.c.h; path = "UIButton+TKAdd.h"; sourceTree = "<group>"; };
		CE3959D024EA6502008FB5D7 /* UIColor+TKAdd.m */ = {isa = PBXFileReference; fileEncoding = 4; lastKnownFileType = sourcecode.c.objc; path = "UIColor+TKAdd.m"; sourceTree = "<group>"; };
		CE3959D224EA6502008FB5D7 /* NSObject+TKAdd.h */ = {isa = PBXFileReference; fileEncoding = 4; lastKnownFileType = sourcecode.c.h; path = "NSObject+TKAdd.h"; sourceTree = "<group>"; };
		CE3959D324EA6502008FB5D7 /* NSString+TKAdd.m */ = {isa = PBXFileReference; fileEncoding = 4; lastKnownFileType = sourcecode.c.objc; path = "NSString+TKAdd.m"; sourceTree = "<group>"; };
		CE3959D424EA6502008FB5D7 /* NSObject+TKAdd.m */ = {isa = PBXFileReference; fileEncoding = 4; lastKnownFileType = sourcecode.c.objc; path = "NSObject+TKAdd.m"; sourceTree = "<group>"; };
		CE3959D524EA6502008FB5D7 /* NSString+TKAdd.h */ = {isa = PBXFileReference; fileEncoding = 4; lastKnownFileType = sourcecode.c.h; path = "NSString+TKAdd.h"; sourceTree = "<group>"; };
		CE6F597224FE1D2A00005C04 /* UIView+TKAdd.h */ = {isa = PBXFileReference; lastKnownFileType = sourcecode.c.h; path = "UIView+TKAdd.h"; sourceTree = "<group>"; };
		CE6F597324FE1D2A00005C04 /* UIView+TKAdd.m */ = {isa = PBXFileReference; lastKnownFileType = sourcecode.c.objc; path = "UIView+TKAdd.m"; sourceTree = "<group>"; };
		CE97120E24FF44F300E06A61 /* TKUnicode.h */ = {isa = PBXFileReference; lastKnownFileType = sourcecode.c.h; path = TKUnicode.h; sourceTree = "<group>"; };
		CE97120F24FF44F300E06A61 /* TKUnicode.m */ = {isa = PBXFileReference; lastKnownFileType = sourcecode.c.objc; path = TKUnicode.m; sourceTree = "<group>"; };
/* End PBXFileReference section */

/* Begin PBXFrameworksBuildPhase section */
		CE3959A924EA6476008FB5D7 /* Frameworks */ = {
			isa = PBXFrameworksBuildPhase;
			buildActionMask = 2147483647;
			files = (
			);
			runOnlyForDeploymentPostprocessing = 0;
		};
/* End PBXFrameworksBuildPhase section */

/* Begin PBXGroup section */
		CE3959A324EA6476008FB5D7 = {
			isa = PBXGroup;
			children = (
				CE3959AE24EA6476008FB5D7 /* TKCategory */,
				CE3959AD24EA6476008FB5D7 /* Products */,
			);
			sourceTree = "<group>";
		};
		CE3959AD24EA6476008FB5D7 /* Products */ = {
			isa = PBXGroup;
			children = (
				CE3959AC24EA6476008FB5D7 /* TKCategory.app */,
			);
			name = Products;
			sourceTree = "<group>";
		};
		CE3959AE24EA6476008FB5D7 /* TKCategory */ = {
			isa = PBXGroup;
			children = (
				CE3959C824EA6502008FB5D7 /* Classes */,
				CE3959AF24EA6476008FB5D7 /* AppDelegate.h */,
				CE3959B024EA6476008FB5D7 /* AppDelegate.m */,
				CE3959B524EA6476008FB5D7 /* ViewController.h */,
				CE3959B624EA6476008FB5D7 /* ViewController.m */,
				CE3959BB24EA6478008FB5D7 /* Assets.xcassets */,
				CE3959BD24EA6478008FB5D7 /* LaunchScreen.storyboard */,
				CE3959C024EA6478008FB5D7 /* Info.plist */,
				CE3959C124EA6478008FB5D7 /* main.m */,
			);
			path = TKCategory;
			sourceTree = "<group>";
		};
		CE3959C824EA6502008FB5D7 /* Classes */ = {
			isa = PBXGroup;
			children = (
				CE3959C924EA6502008FB5D7 /* Category */,
			);
			path = Classes;
			sourceTree = "<group>";
		};
		CE3959C924EA6502008FB5D7 /* Category */ = {
			isa = PBXGroup;
			children = (
				CE3959CA24EA6502008FB5D7 /* UIKit */,
				CE3959D124EA6502008FB5D7 /* Foundation */,
			);
			path = Category;
			sourceTree = "<group>";
		};
		CE3959CA24EA6502008FB5D7 /* UIKit */ = {
			isa = PBXGroup;
			children = (
				CE3959CF24EA6502008FB5D7 /* UIButton+TKAdd.h */,
				CE3959CC24EA6502008FB5D7 /* UIButton+TKAdd.m */,
				CE3959CD24EA6502008FB5D7 /* UIColor+TKAdd.h */,
				CE3959D024EA6502008FB5D7 /* UIColor+TKAdd.m */,
				CE3959CE24EA6502008FB5D7 /* UIViewController+TKAdd.h */,
				CE3959CB24EA6502008FB5D7 /* UIViewController+TKAdd.m */,
				CE6F597224FE1D2A00005C04 /* UIView+TKAdd.h */,
				CE6F597324FE1D2A00005C04 /* UIView+TKAdd.m */,
			);
			path = UIKit;
			sourceTree = "<group>";
		};
		CE3959D124EA6502008FB5D7 /* Foundation */ = {
			isa = PBXGroup;
			children = (
				CE97120E24FF44F300E06A61 /* TKUnicode.h */,
				CE97120F24FF44F300E06A61 /* TKUnicode.m */,
				CE3959D224EA6502008FB5D7 /* NSObject+TKAdd.h */,
				CE3959D424EA6502008FB5D7 /* NSObject+TKAdd.m */,
				CE3959D524EA6502008FB5D7 /* NSString+TKAdd.h */,
				CE3959D324EA6502008FB5D7 /* NSString+TKAdd.m */,
			);
			path = Foundation;
			sourceTree = "<group>";
		};
/* End PBXGroup section */

/* Begin PBXNativeTarget section */
		CE3959AB24EA6476008FB5D7 /* TKCategory */ = {
			isa = PBXNativeTarget;
			buildConfigurationList = CE3959C524EA6478008FB5D7 /* Build configuration list for PBXNativeTarget "TKCategory" */;
			buildPhases = (
				CE3959A824EA6476008FB5D7 /* Sources */,
				CE3959A924EA6476008FB5D7 /* Frameworks */,
				CE3959AA24EA6476008FB5D7 /* Resources */,
			);
			buildRules = (
			);
			dependencies = (
			);
			name = TKCategory;
			productName = TKCategory;
			productReference = CE3959AC24EA6476008FB5D7 /* TKCategory.app */;
			productType = "com.apple.product-type.application";
		};
/* End PBXNativeTarget section */

/* Begin PBXProject section */
		CE3959A424EA6476008FB5D7 /* Project object */ = {
			isa = PBXProject;
			attributes = {
				LastUpgradeCheck = 1140;
				ORGANIZATIONNAME = TK;
				TargetAttributes = {
					CE3959AB24EA6476008FB5D7 = {
						CreatedOnToolsVersion = 11.4.1;
					};
				};
			};
			buildConfigurationList = CE3959A724EA6476008FB5D7 /* Build configuration list for PBXProject "TKCategory" */;
			compatibilityVersion = "Xcode 9.3";
			developmentRegion = en;
			hasScannedForEncodings = 0;
			knownRegions = (
				en,
				Base,
			);
			mainGroup = CE3959A324EA6476008FB5D7;
			productRefGroup = CE3959AD24EA6476008FB5D7 /* Products */;
			projectDirPath = "";
			projectRoot = "";
			targets = (
				CE3959AB24EA6476008FB5D7 /* TKCategory */,
			);
		};
/* End PBXProject section */

/* Begin PBXResourcesBuildPhase section */
		CE3959AA24EA6476008FB5D7 /* Resources */ = {
			isa = PBXResourcesBuildPhase;
			buildActionMask = 2147483647;
			files = (
				CE3959BF24EA6478008FB5D7 /* LaunchScreen.storyboard in Resources */,
				CE3959BC24EA6478008FB5D7 /* Assets.xcassets in Resources */,
			);
			runOnlyForDeploymentPostprocessing = 0;
		};
/* End PBXResourcesBuildPhase section */

/* Begin PBXSourcesBuildPhase section */
		CE3959A824EA6476008FB5D7 /* Sources */ = {
			isa = PBXSourcesBuildPhase;
			buildActionMask = 2147483647;
			files = (
				CE6F597424FE1D2A00005C04 /* UIView+TKAdd.m in Sources */,
				CE3959DA24EA6502008FB5D7 /* NSString+TKAdd.m in Sources */,
				CE3959D824EA6502008FB5D7 /* UIButton+TKAdd.m in Sources */,
				CE97121024FF44F300E06A61 /* TKUnicode.m in Sources */,
				CE3959B724EA6476008FB5D7 /* ViewController.m in Sources */,
				CE3959D924EA6502008FB5D7 /* UIColor+TKAdd.m in Sources */,
				CE3959B124EA6476008FB5D7 /* AppDelegate.m in Sources */,
				CE3959C224EA6478008FB5D7 /* main.m in Sources */,
				CE3959DB24EA6502008FB5D7 /* NSObject+TKAdd.m in Sources */,
				CE3959D724EA6502008FB5D7 /* UIViewController+TKAdd.m in Sources */,
			);
			runOnlyForDeploymentPostprocessing = 0;
		};
/* End PBXSourcesBuildPhase section */

/* Begin PBXVariantGroup section */
		CE3959BD24EA6478008FB5D7 /* LaunchScreen.storyboard */ = {
			isa = PBXVariantGroup;
			children = (
				CE3959BE24EA6478008FB5D7 /* Base */,
			);
			name = LaunchScreen.storyboard;
			sourceTree = "<group>";
		};
/* End PBXVariantGroup section */

/* Begin XCBuildConfiguration section */
		CE3959C324EA6478008FB5D7 /* Debug */ = {
			isa = XCBuildConfiguration;
			buildSettings = {
				ALWAYS_SEARCH_USER_PATHS = NO;
				CLANG_ANALYZER_NONNULL = YES;
				CLANG_ANALYZER_NUMBER_OBJECT_CONVERSION = YES_AGGRESSIVE;
				CLANG_CXX_LANGUAGE_STANDARD = "gnu++14";
				CLANG_CXX_LIBRARY = "libc++";
				CLANG_ENABLE_MODULES = YES;
				CLANG_ENABLE_OBJC_ARC = YES;
				CLANG_ENABLE_OBJC_WEAK = YES;
				CLANG_WARN_BLOCK_CAPTURE_AUTORELEASING = YES;
				CLANG_WARN_BOOL_CONVERSION = YES;
				CLANG_WARN_COMMA = YES;
				CLANG_WARN_CONSTANT_CONVERSION = YES;
				CLANG_WARN_DEPRECATED_OBJC_IMPLEMENTATIONS = YES;
				CLANG_WARN_DIRECT_OBJC_ISA_USAGE = YES_ERROR;
				CLANG_WARN_DOCUMENTATION_COMMENTS = YES;
				CLANG_WARN_EMPTY_BODY = YES;
				CLANG_WARN_ENUM_CONVERSION = YES;
				CLANG_WARN_INFINITE_RECURSION = YES;
				CLANG_WARN_INT_CONVERSION = YES;
				CLANG_WARN_NON_LITERAL_NULL_CONVERSION = YES;
				CLANG_WARN_OBJC_IMPLICIT_RETAIN_SELF = YES;
				CLANG_WARN_OBJC_LITERAL_CONVERSION = YES;
				CLANG_WARN_OBJC_ROOT_CLASS = YES_ERROR;
				CLANG_WARN_RANGE_LOOP_ANALYSIS = YES;
				CLANG_WARN_STRICT_PROTOTYPES = YES;
				CLANG_WARN_SUSPICIOUS_MOVE = YES;
				CLANG_WARN_UNGUARDED_AVAILABILITY = YES_AGGRESSIVE;
				CLANG_WARN_UNREACHABLE_CODE = YES;
				CLANG_WARN__DUPLICATE_METHOD_MATCH = YES;
				COPY_PHASE_STRIP = NO;
				DEBUG_INFORMATION_FORMAT = dwarf;
				ENABLE_STRICT_OBJC_MSGSEND = YES;
				ENABLE_TESTABILITY = YES;
				GCC_C_LANGUAGE_STANDARD = gnu11;
				GCC_DYNAMIC_NO_PIC = NO;
				GCC_NO_COMMON_BLOCKS = YES;
				GCC_OPTIMIZATION_LEVEL = 0;
				GCC_PREPROCESSOR_DEFINITIONS = (
					"DEBUG=1",
					"$(inherited)",
				);
				GCC_WARN_64_TO_32_BIT_CONVERSION = YES;
				GCC_WARN_ABOUT_RETURN_TYPE = YES_ERROR;
				GCC_WARN_UNDECLARED_SELECTOR = YES;
				GCC_WARN_UNINITIALIZED_AUTOS = YES_AGGRESSIVE;
				GCC_WARN_UNUSED_FUNCTION = YES;
				GCC_WARN_UNUSED_VARIABLE = YES;
				IPHONEOS_DEPLOYMENT_TARGET = 9.0;
				MTL_ENABLE_DEBUG_INFO = INCLUDE_SOURCE;
				MTL_FAST_MATH = YES;
				ONLY_ACTIVE_ARCH = YES;
				SDKROOT = iphoneos;
			};
			name = Debug;
		};
		CE3959C424EA6478008FB5D7 /* Release */ = {
			isa = XCBuildConfiguration;
			buildSettings = {
				ALWAYS_SEARCH_USER_PATHS = NO;
				CLANG_ANALYZER_NONNULL = YES;
				CLANG_ANALYZER_NUMBER_OBJECT_CONVERSION = YES_AGGRESSIVE;
				CLANG_CXX_LANGUAGE_STANDARD = "gnu++14";
				CLANG_CXX_LIBRARY = "libc++";
				CLANG_ENABLE_MODULES = YES;
				CLANG_ENABLE_OBJC_ARC = YES;
				CLANG_ENABLE_OBJC_WEAK = YES;
				CLANG_WARN_BLOCK_CAPTURE_AUTORELEASING = YES;
				CLANG_WARN_BOOL_CONVERSION = YES;
				CLANG_WARN_COMMA = YES;
				CLANG_WARN_CONSTANT_CONVERSION = YES;
				CLANG_WARN_DEPRECATED_OBJC_IMPLEMENTATIONS = YES;
				CLANG_WARN_DIRECT_OBJC_ISA_USAGE = YES_ERROR;
				CLANG_WARN_DOCUMENTATION_COMMENTS = YES;
				CLANG_WARN_EMPTY_BODY = YES;
				CLANG_WARN_ENUM_CONVERSION = YES;
				CLANG_WARN_INFINITE_RECURSION = YES;
				CLANG_WARN_INT_CONVERSION = YES;
				CLANG_WARN_NON_LITERAL_NULL_CONVERSION = YES;
				CLANG_WARN_OBJC_IMPLICIT_RETAIN_SELF = YES;
				CLANG_WARN_OBJC_LITERAL_CONVERSION = YES;
				CLANG_WARN_OBJC_ROOT_CLASS = YES_ERROR;
				CLANG_WARN_RANGE_LOOP_ANALYSIS = YES;
				CLANG_WARN_STRICT_PROTOTYPES = YES;
				CLANG_WARN_SUSPICIOUS_MOVE = YES;
				CLANG_WARN_UNGUARDED_AVAILABILITY = YES_AGGRESSIVE;
				CLANG_WARN_UNREACHABLE_CODE = YES;
				CLANG_WARN__DUPLICATE_METHOD_MATCH = YES;
				COPY_PHASE_STRIP = NO;
				DEBUG_INFORMATION_FORMAT = "dwarf-with-dsym";
				ENABLE_NS_ASSERTIONS = NO;
				ENABLE_STRICT_OBJC_MSGSEND = YES;
				GCC_C_LANGUAGE_STANDARD = gnu11;
				GCC_NO_COMMON_BLOCKS = YES;
				GCC_WARN_64_TO_32_BIT_CONVERSION = YES;
				GCC_WARN_ABOUT_RETURN_TYPE = YES_ERROR;
				GCC_WARN_UNDECLARED_SELECTOR = YES;
				GCC_WARN_UNINITIALIZED_AUTOS = YES_AGGRESSIVE;
				GCC_WARN_UNUSED_FUNCTION = YES;
				GCC_WARN_UNUSED_VARIABLE = YES;
				IPHONEOS_DEPLOYMENT_TARGET = 9.0;
				MTL_ENABLE_DEBUG_INFO = NO;
				MTL_FAST_MATH = YES;
				SDKROOT = iphoneos;
				VALIDATE_PRODUCT = YES;
			};
			name = Release;
		};
		CE3959C624EA6478008FB5D7 /* Debug */ = {
			isa = XCBuildConfiguration;
			buildSettings = {
				ASSETCATALOG_COMPILER_APPICON_NAME = AppIcon;
				CODE_SIGN_STYLE = Automatic;
				DEVELOPMENT_TEAM = 5FL8MZ4CH2;
				INFOPLIST_FILE = TKCategory/Info.plist;
				IPHONEOS_DEPLOYMENT_TARGET = 9.0;
				LD_RUNPATH_SEARCH_PATHS = (
					"$(inherited)",
					"@executable_path/Frameworks",
				);
				PRODUCT_BUNDLE_IDENTIFIER = com.tank.TKCategory;
				PRODUCT_NAME = "$(TARGET_NAME)";
				TARGETED_DEVICE_FAMILY = "1,2";
			};
			name = Debug;
		};
		CE3959C724EA6478008FB5D7 /* Release */ = {
			isa = XCBuildConfiguration;
			buildSettings = {
				ASSETCATALOG_COMPILER_APPICON_NAME = AppIcon;
				CODE_SIGN_STYLE = Automatic;
				DEVELOPMENT_TEAM = 5FL8MZ4CH2;
				INFOPLIST_FILE = TKCategory/Info.plist;
				IPHONEOS_DEPLOYMENT_TARGET = 9.0;
				LD_RUNPATH_SEARCH_PATHS = (
					"$(inherited)",
					"@executable_path/Frameworks",
				);
				PRODUCT_BUNDLE_IDENTIFIER = com.tank.TKCategory;
				PRODUCT_NAME = "$(TARGET_NAME)";
				TARGETED_DEVICE_FAMILY = "1,2";
			};
			name = Release;
		};
/* End XCBuildConfiguration section */

/* Begin XCConfigurationList section */
		CE3959A724EA6476008FB5D7 /* Build configuration list for PBXProject "TKCategory" */ = {
			isa = XCConfigurationList;
			buildConfigurations = (
				CE3959C324EA6478008FB5D7 /* Debug */,
				CE3959C424EA6478008FB5D7 /* Release */,
			);
			defaultConfigurationIsVisible = 0;
			defaultConfigurationName = Release;
		};
		CE3959C524EA6478008FB5D7 /* Build configuration list for PBXNativeTarget "TKCategory" */ = {
			isa = XCConfigurationList;
			buildConfigurations = (
				CE3959C624EA6478008FB5D7 /* Debug */,
				CE3959C724EA6478008FB5D7 /* Release */,
			);
			defaultConfigurationIsVisible = 0;
			defaultConfigurationName = Release;
		};
/* End XCConfigurationList section */
	};
	rootObject = CE3959A424EA6476008FB5D7 /* Project object */;
}
